<?xml version="1.0" encoding="utf-8"?>
<Project ToolsVersion="4.0" xmlns="http://schemas.microsoft.com/developer/msbuild/2003">
  <ItemGroup>
    <ClCompile Include="src\main.cpp" />
    <ClCompile Include="src\testApp.cpp" />
    <ClCompile Include="..\..\ofxGrabCam\src\ofxGrabCam.cpp">
      <Filter>addons\ofxGrabCam\src</Filter>
    </ClCompile>
    <ClCompile Include="..\src\ofxGrabScene\Assets.cpp">
      <Filter>addons\ofxGrabScene\src\ofxGrabScene</Filter>
    </ClCompile>
    <ClCompile Include="..\src\ofxGrabScene\Cursor.cpp">
      <Filter>addons\ofxGrabScene\src\ofxGrabScene</Filter>
    </ClCompile>
    <ClCompile Include="..\src\ofxGrabScene\Handles.cpp">
      <Filter>addons\ofxGrabScene\src\ofxGrabScene</Filter>
    </ClCompile>
    <ClCompile Include="..\src\ofxGrabScene\Node.cpp">
      <Filter>addons\ofxGrabScene\src\ofxGrabScene</Filter>
    </ClCompile>
    <ClCompile Include="..\src\ofxGrabScene\Scene.cpp">
      <Filter>addons\ofxGrabScene\src\ofxGrabScene</Filter>
    </ClCompile>
    <ClCompile Include="..\src\ofxGrabScene\Handles\Rotate.cpp">
      <Filter>addons\ofxGrabScene\src\ofxGrabScene\Handles</Filter>
    </ClCompile>
    <ClCompile Include="..\src\ofxGrabScene\Handles\Translate.cpp">
      <Filter>addons\ofxGrabScene\src\ofxGrabScene\Handles</Filter>
    </ClCompile>
    <ClCompile Include="..\src\ofxGrabScene\Handles\BaseHandle.cpp">
      <Filter>addons\ofxGrabScene\src\ofxGrabScene\Handles</Filter>
    </ClCompile>
    <ClCompile Include="..\..\ofxGui\src\ofxBaseGui.cpp">
      <Filter>addons\ofxGui</Filter>
    </ClCompile>
    <ClCompile Include="..\..\ofxGui\src\ofxButton.cpp">
      <Filter>addons\ofxGui</Filter>
    </ClCompile>
    <ClCompile Include="..\..\ofxGui\src\ofxLabel.cpp">
      <Filter>addons\ofxGui</Filter>
    </ClCompile>
    <ClCompile Include="..\..\ofxGui\src\ofxPanel.cpp">
      <Filter>addons\ofxGui</Filter>
    </ClCompile>
    <ClCompile Include="..\..\ofxGui\src\ofxSlider.cpp">
      <Filter>addons\ofxGui</Filter>
    </ClCompile>
    <ClCompile Include="..\..\ofxGui\src\ofxToggle.cpp">
      <Filter>addons\ofxGui</Filter>
    </ClCompile>
    <ClCompile Include="..\..\ofxXmlSettings\src\ofxXmlSettings.cpp">
      <Filter>addons\ofxXmlSettings</Filter>
    </ClCompile>
    <ClCompile Include="..\..\ofxXmlSettings\libs\tinyxml.cpp">
      <Filter>addons\ofxXmlSettings\libs</Filter>
    </ClCompile>
    <ClCompile Include="..\..\ofxXmlSettings\libs\tinyxmlerror.cpp">
      <Filter>addons\ofxXmlSettings\libs</Filter>
    </ClCompile>
    <ClCompile Include="..\..\ofxXmlSettings\libs\tinyxmlparser.cpp">
      <Filter>addons\ofxXmlSettings\libs</Filter>
    </ClCompile>
  </ItemGroup>
  <ItemGroup>
    <ClInclude Include="src\testApp.h" />
    <ClInclude Include="..\..\ofxGrabCam\src\ofxGrabCam.h">
      <Filter>addons\ofxGrabCam\src</Filter>
    </ClInclude>
    <ClInclude Include="..\src\ofxGrabScene.h">
      <Filter>addons\ofxGrabScene\src</Filter>
    </ClInclude>
    <ClInclude Include="..\src\ofxGrabScene\Assets.h">
      <Filter>addons\ofxGrabScene\src\ofxGrabScene</Filter>
    </ClInclude>
    <ClInclude Include="..\src\ofxGrabScene\Cursor.h">
      <Filter>addons\ofxGrabScene\src\ofxGrabScene</Filter>
    </ClInclude>
    <ClInclude Include="..\src\ofxGrabScene\Element.h">
      <Filter>addons\ofxGrabScene\src\ofxGrabScene</Filter>
    </ClInclude>
    <ClInclude Include="..\src\ofxGrabScene\Handles.h">
      <Filter>addons\ofxGrabScene\src\ofxGrabScene</Filter>
    </ClInclude>
    <ClInclude Include="..\src\ofxGrabScene\Node.h">
      <Filter>addons\ofxGrabScene\src\ofxGrabScene</Filter>
    </ClInclude>
    <ClInclude Include="..\src\ofxGrabScene\Scene.h">
      <Filter>addons\ofxGrabScene\src\ofxGrabScene</Filter>
    </ClInclude>
    <ClInclude Include="..\..\ofxGui\src\ofOscParameter.h">
      <Filter>addons\ofxGui</Filter>
    </ClInclude>
    <ClInclude Include="..\..\ofxGui\src\ofParameter.h">
      <Filter>addons\ofxGui</Filter>
    </ClInclude>
    <ClInclude Include="..\..\ofxGui\src\ofxBaseGui.h">
      <Filter>addons\ofxGui</Filter>
    </ClInclude>
    <ClInclude Include="..\..\ofxGui\src\ofxButton.h">
      <Filter>addons\ofxGui</Filter>
    </ClInclude>
    <ClInclude Include="..\..\ofxGui\src\ofxGui.h">
      <Filter>addons\ofxGui</Filter>
    </ClInclude>
    <ClInclude Include="..\..\ofxGui\src\ofxLabel.h">
      <Filter>addons\ofxGui</Filter>
    </ClInclude>
    <ClInclude Include="..\..\ofxGui\src\ofxPanel.h">
      <Filter>addons\ofxGui</Filter>
    </ClInclude>
    <ClInclude Include="..\..\ofxGui\src\ofxSlider.h">
      <Filter>addons\ofxGui</Filter>
    </ClInclude>
    <ClInclude Include="..\..\ofxGui\src\ofxToggle.h">
      <Filter>addons\ofxGui</Filter>
    </ClInclude>
    <ClInclude Include="..\..\ofxXmlSettings\src\ofxXmlSettings.h">
      <Filter>addons\ofxXmlSettings</Filter>
    </ClInclude>
    <ClInclude Include="..\..\ofxXmlSettings\libs\tinyxml.h">
      <Filter>addons\ofxXmlSettings\libs</Filter>
    </ClInclude>
  </ItemGroup>
  <ItemGroup>
    <Filter Include="addons">
      <UniqueIdentifier>{2dd210d9-f604-40e2-ade3-531d58fda47e}</UniqueIdentifier>
    </Filter>
    <Filter Include="addons\ofxGrabCam">
      <UniqueIdentifier>{3d498924-3eae-49dd-8f90-9a2152454d7b}</UniqueIdentifier>
    </Filter>
    <Filter Include="addons\ofxGrabCam\src">
      <UniqueIdentifier>{5b05911a-b5a3-4bf1-8962-401c8bca47d2}</UniqueIdentifier>
    </Filter>
    <Filter Include="addons\ofxGrabScene">
      <UniqueIdentifier>{e534e4f7-8880-4d41-ac7a-2d5bebceacc3}</UniqueIdentifier>
    </Filter>
    <Filter Include="addons\ofxGrabScene\src">
      <UniqueIdentifier>{71d187dd-6ff2-4cb1-8337-1ffc99e64b50}</UniqueIdentifier>
    </Filter>
    <Filter Include="addons\ofxGrabScene\src\ofxGrabScene">
      <UniqueIdentifier>{8f2f519a-8746-4bd7-ac89-e399be8b59aa}</UniqueIdentifier>
    </Filter>
    <Filter Include="addons\ofxGrabScene\src\ofxGrabScene\Handles">
      <UniqueIdentifier>{f42c012f-1ae4-4d82-b94a-71c358a837bb}</UniqueIdentifier>
    </Filter>
    <Filter Include="addons\ofxGui">
      <UniqueIdentifier>{752af711-a685-4760-b86a-c2907eeb8819}</UniqueIdentifier>
    </Filter>
    <Filter Include="addons\ofxXmlSettings">
      <UniqueIdentifier>{7917fb52-56d8-4a30-801c-bda85eb385fb}</UniqueIdentifier>
    </Filter>
    <Filter Include="addons\ofxXmlSettings\libs">
      <UniqueIdentifier>{b46ed286-a312-479d-8454-c1dcab26a9de}</UniqueIdentifier>
    </Filter>
  </ItemGroup>
</Project>